{
  "version": "3",
  "remote": {
    "https://edge.netlify.com/": "ff84a16f192fdb43db8b9dff869889f555c05857d075044d2a7cfa54c283a0a0",
    "https://edge.netlify.com/bootstrap/config.ts": "0aa0a225d978b89e0e62cbd853701605199e7a84095e55eeb70147faf1a24803",
    "https://edge.netlify.com/bootstrap/context.ts": "f8392d0bfc4a345f0508157a9ed1a8b0ac832275e5ae6fe9301a8268fbfeb0b5",
    "https://edge.netlify.com/bootstrap/cookie.ts": "8b0baae708989ca183c6f3b4ab3d029e6abcbc2e43f93edeb0ff447b3bbc3a05",
    "https://edge.netlify.com/bootstrap/edge_function.ts": "b8253e86aa83c67341f5cfedeba5049d77fbf84dcab7eceff7566b7728ae9b39",
    "https://edge.netlify.com/bootstrap/globals.ts": "38f9e0be6c2c78206bf14d2387d41964d38bbe81644b3668e203c6f6473408a7"
  },
  "workspace": {
    "packageJson": {
      "dependencies": [
        "npm:@netlify/functions@^2.8.0",
        "npm:@rushstack/eslint-patch@^1.8.0",
        "npm:@sparticuz/chromium@^121.0.0",
        "npm:@supabase/supabase-js@^2.43.5",
        "npm:@tsconfig/node20@^20.1.4",
        "npm:@types/node@^20.12.5",
        "npm:@vitejs/plugin-vue@^5.0.4",
        "npm:@vue/eslint-config-prettier@^9.0.0",
        "npm:@vue/eslint-config-typescript@^13.0.0",
        "npm:@vue/tsconfig@^0.5.1",
        "npm:autoprefixer@^10.4.19",
        "npm:axios@^1.7.2",
        "npm:dayjs@^1.11.11",
        "npm:eslint-plugin-vue@^9.23.0",
        "npm:eslint@^8.57.0",
        "npm:firebase@^10.12.2",
        "npm:npm-run-all2@^6.1.2",
        "npm:pinia@^2.1.7",
        "npm:postcss@^8.4.38",
        "npm:prettier@^3.2.5",
        "npm:puppeteer-core@21.9.0",
        "npm:puppeteer@22.6.4",
        "npm:tailwind-scrollbar-hide@^1.1.7",
        "npm:tailwindcss@^3.4.4",
        "npm:typescript@~5.4.0",
        "npm:unplugin-vue-router@^0.9.1",
        "npm:vite@^5.2.8",
        "npm:vue-router@^4.3.0",
        "npm:vue-tsc@^2.0.11",
        "npm:vue3-carousel@^0.3.3",
        "npm:vue3-lottie@^3.3.0",
        "npm:vue@^3.4.21"
      ]
    }
  }
}
